
Microsoft Visual Studio Solution File, Format Version 12.00
# Visual Studio Version 17
VisualStudioVersion = 17.12.35707.178 d17.12
MinimumVisualStudioVersion = 10.0.40219.1
Project("{FAE04EC0-301F-11D3-BF4B-00C04F79EFBC}") = "StreamCraftWeb", "StreamCraftWeb\StreamCraftWeb.csproj", "{DC03E968-70F6-43EF-AF7C-0F61B7CDE3AA}"
EndProject
Project("{FAE04EC0-301F-11D3-BF4B-00C04F79EFBC}") = "StreamCraftAPI", "StreamCraftAPI\StreamCraftAPI.csproj", "{4D17E62A-4617-446B-A8BA-9433E7E88DC1}"
EndProject
Global
	GlobalSection(SolutionConfigurationPlatforms) = preSolution
		Debug|Any CPU = Debug|Any CPU
		Release|Any CPU = Release|Any CPU
	EndGlobalSection
	GlobalSection(ProjectConfigurationPlatforms) = postSolution
		{DC03E968-70F6-43EF-AF7C-0F61B7CDE3AA}.Debug|Any CPU.ActiveCfg = Debug|Any CPU
		{DC03E968-70F6-43EF-AF7C-0F61B7CDE3AA}.Debug|Any CPU.Build.0 = Debug|Any CPU
		{DC03E968-70F6-43EF-AF7C-0F61B7CDE3AA}.Release|Any CPU.ActiveCfg = Release|Any CPU
		{DC03E968-70F6-43EF-AF7C-0F61B7CDE3AA}.Release|Any CPU.Build.0 = Release|Any CPU
		{4D17E62A-4617-446B-A8BA-9433E7E88DC1}.Debug|Any CPU.ActiveCfg = Debug|Any CPU
		{4D17E62A-4617-446B-A8BA-9433E7E88DC1}.Debug|Any CPU.Build.0 = Debug|Any CPU
		{4D17E62A-4617-446B-A8BA-9433E7E88DC1}.Release|Any CPU.ActiveCfg = Release|Any CPU
		{4D17E62A-4617-446B-A8BA-9433E7E88DC1}.Release|Any CPU.Build.0 = Release|Any CPU
	EndGlobalSection
	GlobalSection(SolutionProperties) = preSolution
		HideSolutionNode = FALSE
	EndGlobalSection
EndGlobal
